<?xml version="1.0" encoding="utf-8"?>
<Project ToolsVersion="4.0" xmlns="http://schemas.microsoft.com/developer/msbuild/2003">
  <ItemGroup>
    <Filter Include="源文件">
      <UniqueIdentifier>{4FC737F1-C7A5-4376-A066-2A32D752A2FF}</UniqueIdentifier>
      <Extensions>cpp;c;cc;cxx;def;odl;idl;hpj;bat;asm;asmx</Extensions>
    </Filter>
    <Filter Include="头文件">
      <UniqueIdentifier>{93995380-89BD-4b04-88EB-625FBE52EBFB}</UniqueIdentifier>
      <Extensions>h;hh;hpp;hxx;hm;inl;inc;xsd</Extensions>
    </Filter>
    <Filter Include="资源文件">
      <UniqueIdentifier>{67DA6AB6-F800-4c08-8B7A-83BB121AAD01}</UniqueIdentifier>
      <Extensions>rc;ico;cur;bmp;dlg;rc2;rct;bin;rgs;gif;jpg;jpeg;jpe;resx;tiff;tif;png;wav;mfcribbon-ms</Extensions>
    </Filter>
    <Filter Include="头文件\SystemClass">
      <UniqueIdentifier>{b536ff07-e655-4017-aa2d-31127be02b33}</UniqueIdentifier>
    </Filter>
    <Filter Include="头文件\SystemClass\InputClass">
      <UniqueIdentifier>{055b2c7b-1a25-4532-a1dc-7858d6732179}</UniqueIdentifier>
    </Filter>
    <Filter Include="头文件\SystemClass\GraphicesClass">
      <UniqueIdentifier>{cd19224a-f059-48f4-bbe7-8967381e1907}</UniqueIdentifier>
    </Filter>
    <Filter Include="头文件\SystemClass\GraphicesClass\D3DClass">
      <UniqueIdentifier>{f55d1909-6680-4b2d-9c9d-7a920ee40019}</UniqueIdentifier>
    </Filter>
    <Filter Include="头文件\SystemClass\GraphicesClass\ModelClass">
      <UniqueIdentifier>{818b15a4-7f4c-4712-a88c-96613d782888}</UniqueIdentifier>
    </Filter>
    <Filter Include="头文件\SystemClass\GraphicesClass\CameraClass">
      <UniqueIdentifier>{d6d5a98b-6618-4475-9cf6-cbc5f7f9ab23}</UniqueIdentifier>
    </Filter>
    <Filter Include="头文件\SystemClass\GraphicesClass\ColorShaderClass">
      <UniqueIdentifier>{00174ec5-9d99-4f00-9348-8280a16bb7ae}</UniqueIdentifier>
    </Filter>
    <Filter Include="头文件\SystemClass\GraphicesClass\LightShaderClass">
      <UniqueIdentifier>{ed224c6b-f089-4ce9-96fe-5f8cd7617627}</UniqueIdentifier>
    </Filter>
    <Filter Include="头文件\SystemClass\GraphicesClass\ModelClass\TextureClass">
      <UniqueIdentifier>{0fb9019b-fe52-4cf8-bc56-77b6452419a6}</UniqueIdentifier>
    </Filter>
    <Filter Include="源文件\Shader">
      <UniqueIdentifier>{8c1b61e1-de78-4a4f-a07c-74649d21374e}</UniqueIdentifier>
    </Filter>
    <Filter Include="头文件\SystemClass\GraphicesClass\TextureShaderClass">
      <UniqueIdentifier>{cc8627e6-5105-4454-8685-a0f2b301bc2d}</UniqueIdentifier>
    </Filter>
    <Filter Include="头文件\SystemClass\GraphicesClass\LightClass">
      <UniqueIdentifier>{801157e8-71af-48fb-9637-58eba27b7ee5}</UniqueIdentifier>
    </Filter>
    <Filter Include="头文件\SystemClass\GraphicesClass\Bitmapclass">
      <UniqueIdentifier>{1e0c7d78-2a9c-45f3-bda0-61f123c4c7d2}</UniqueIdentifier>
    </Filter>
    <Filter Include="头文件\SystemClass\GraphicesClass\Fontclass">
      <UniqueIdentifier>{e6ccf96b-b8c4-4eef-9071-2f1ed0618346}</UniqueIdentifier>
    </Filter>
    <Filter Include="头文件\SystemClass\GraphicesClass\Fontshaderclass">
      <UniqueIdentifier>{0c22f8d2-93fe-4fac-ab70-4a19edfd8a69}</UniqueIdentifier>
    </Filter>
    <Filter Include="头文件\SystemClass\GraphicesClass\Textclass">
      <UniqueIdentifier>{e93a84ac-3f70-4b5c-886c-131f382e0a28}</UniqueIdentifier>
    </Filter>
    <Filter Include="头文件\SystemClass\SoundClass">
      <UniqueIdentifier>{559ad899-14d8-45bd-9eca-74837cb1d084}</UniqueIdentifier>
    </Filter>
    <Filter Include="头文件\SystemClass\FpsClass">
      <UniqueIdentifier>{9f21b54d-2fcd-4860-be68-126fc71be410}</UniqueIdentifier>
    </Filter>
    <Filter Include="头文件\SystemClass\CpuClass">
      <UniqueIdentifier>{e2995e84-b15c-4ac0-85d7-b87154f27c12}</UniqueIdentifier>
    </Filter>
    <Filter Include="头文件\SystemClass\TimerClass">
      <UniqueIdentifier>{7df1bd09-0454-420d-8d51-b84fb320836a}</UniqueIdentifier>
    </Filter>
    <Filter Include="头文件\SystemClass\GraphicesClass\FrustumClass">
      <UniqueIdentifier>{af8ccc09-0dae-434c-8077-53925330b22b}</UniqueIdentifier>
    </Filter>
    <Filter Include="头文件\SystemClass\PositionClass">
      <UniqueIdentifier>{83685a3b-374f-4ebe-86a6-4d86b776f6ed}</UniqueIdentifier>
    </Filter>
    <Filter Include="头文件\SystemClass\GraphicesClass\ModelListClass">
      <UniqueIdentifier>{251ea3e8-b342-4a79-93dc-043aa564f711}</UniqueIdentifier>
    </Filter>
  </ItemGroup>
  <ItemGroup>
    <ClCompile Include="Bitmapclass.cpp">
      <Filter>源文件</Filter>
    </ClCompile>
    <ClCompile Include="Cameraclass.cpp">
      <Filter>源文件</Filter>
    </ClCompile>
    <ClCompile Include="ColorShaderClass.cpp">
      <Filter>源文件</Filter>
    </ClCompile>
    <ClCompile Include="D3DClass.cpp">
      <Filter>源文件</Filter>
    </ClCompile>
    <ClCompile Include="FontClass.cpp">
      <Filter>源文件</Filter>
    </ClCompile>
    <ClCompile Include="FontShaderClass.cpp">
      <Filter>源文件</Filter>
    </ClCompile>
    <ClCompile Include="GraphicsClass.cpp">
      <Filter>源文件</Filter>
    </ClCompile>
    <ClCompile Include="InputClass.cpp">
      <Filter>源文件</Filter>
    </ClCompile>
    <ClCompile Include="IShaderClass.cpp">
      <Filter>源文件</Filter>
    </ClCompile>
    <ClCompile Include="LightClass.cpp">
      <Filter>源文件</Filter>
    </ClCompile>
    <ClCompile Include="Lightshaderclass.cpp">
      <Filter>源文件</Filter>
    </ClCompile>
    <ClCompile Include="main.cpp">
      <Filter>源文件</Filter>
    </ClCompile>
    <ClCompile Include="ModelClass.cpp">
      <Filter>源文件</Filter>
    </ClCompile>
    <ClCompile Include="SystemClass.cpp">
      <Filter>源文件</Filter>
    </ClCompile>
    <ClCompile Include="Textclass.cpp">
      <Filter>源文件</Filter>
    </ClCompile>
    <ClCompile Include="TextureClass.cpp">
      <Filter>源文件</Filter>
    </ClCompile>
    <ClCompile Include="TextureshaderClass.cpp">
      <Filter>源文件</Filter>
    </ClCompile>
    <ClCompile Include="SoundClass.cpp">
      <Filter>源文件</Filter>
    </ClCompile>
    <ClCompile Include="FpsClass.cpp">
      <Filter>源文件</Filter>
    </ClCompile>
    <ClCompile Include="CpuClass.cpp">
      <Filter>源文件</Filter>
    </ClCompile>
    <ClCompile Include="TimerClass.cpp">
      <Filter>源文件</Filter>
    </ClCompile>
    <ClCompile Include="FrustumClass.cpp">
      <Filter>源文件</Filter>
    </ClCompile>
    <ClCompile Include="PositionClass.cpp">
      <Filter>源文件</Filter>
    </ClCompile>
    <ClCompile Include="ModelListClass.cpp">
      <Filter>源文件</Filter>
    </ClCompile>
  </ItemGroup>
  <ItemGroup>
    <ClInclude Include="Bitmapclass.h">
      <Filter>头文件\SystemClass\GraphicesClass\Bitmapclass</Filter>
    </ClInclude>
    <ClInclude Include="Cameraclass.h">
      <Filter>头文件\SystemClass\GraphicesClass\CameraClass</Filter>
    </ClInclude>
    <ClInclude Include="ColorShaderClass.h">
      <Filter>头文件\SystemClass\GraphicesClass\ColorShaderClass</Filter>
    </ClInclude>
    <ClInclude Include="D3DClass.h">
      <Filter>头文件\SystemClass\GraphicesClass\D3DClass</Filter>
    </ClInclude>
    <ClInclude Include="FontClass.h">
      <Filter>头文件\SystemClass\GraphicesClass\Fontclass</Filter>
    </ClInclude>
    <ClInclude Include="FontShaderClass.h">
      <Filter>头文件\SystemClass\GraphicesClass\Fontshaderclass</Filter>
    </ClInclude>
    <ClInclude Include="GraphicsClass.h">
      <Filter>头文件\SystemClass\GraphicesClass</Filter>
    </ClInclude>
    <ClInclude Include="InputClass.h">
      <Filter>头文件\SystemClass\InputClass</Filter>
    </ClInclude>
    <ClInclude Include="IShaderClass.h">
      <Filter>头文件\SystemClass\GraphicesClass</Filter>
    </ClInclude>
    <ClInclude Include="LightClass.h">
      <Filter>头文件\SystemClass\GraphicesClass\LightClass</Filter>
    </ClInclude>
    <ClInclude Include="Lightshaderclass.h">
      <Filter>头文件\SystemClass\GraphicesClass\LightShaderClass</Filter>
    </ClInclude>
    <ClInclude Include="ModelClass.h">
      <Filter>头文件\SystemClass\GraphicesClass\ModelClass</Filter>
    </ClInclude>
    <ClInclude Include="resource.h">
      <Filter>头文件\SystemClass\GraphicesClass</Filter>
    </ClInclude>
    <ClInclude Include="SystemClass.h">
      <Filter>头文件\SystemClass</Filter>
    </ClInclude>
    <ClInclude Include="TextureClass.h">
      <Filter>头文件\SystemClass\GraphicesClass\ModelClass\TextureClass</Filter>
    </ClInclude>
    <ClInclude Include="Textclass.h">
      <Filter>头文件\SystemClass\GraphicesClass\Textclass</Filter>
    </ClInclude>
    <ClInclude Include="TextureshaderClass.h">
      <Filter>头文件\SystemClass\GraphicesClass\TextureShaderClass</Filter>
    </ClInclude>
    <ClInclude Include="SoundClass.h">
      <Filter>头文件\SystemClass\SoundClass</Filter>
    </ClInclude>
    <ClInclude Include="FpsClass.h">
      <Filter>头文件\SystemClass\FpsClass</Filter>
    </ClInclude>
    <ClInclude Include="CpuClass.h">
      <Filter>头文件\SystemClass\CpuClass</Filter>
    </ClInclude>
    <ClInclude Include="TimerClass.h">
      <Filter>头文件\SystemClass\TimerClass</Filter>
    </ClInclude>
    <ClInclude Include="FrustumClass.h">
      <Filter>头文件\SystemClass\GraphicesClass\FrustumClass</Filter>
    </ClInclude>
    <ClInclude Include="PositionClass.h">
      <Filter>头文件\SystemClass\PositionClass</Filter>
    </ClInclude>
    <ClInclude Include="ModelListClass.h">
      <Filter>头文件</Filter>
    </ClInclude>
  </ItemGroup>
</Project>